
Microsoft Visual Studio Solution File, Format Version 12.00
# Visual Studio 15
VisualStudioVersion = 15.0.27703.2042
MinimumVisualStudioVersion = 10.0.40219.1
Project("{F184B08F-C81C-45F6-A57F-5ABD9991F28F}") = "Win Service prj", "Win Service prj.vbproj", "{457434FA-A8E4-4C9C-B736-02BA1076FC09}"
EndProject
Project("{2150E333-8FDC-42A3-9474-1A3956D46DE8}") = "Solution Items", "Solution Items", "{546C4F1C-465B-4E87-AA01-815E8AB54BBD}"
EndProject
Global
	GlobalSection(SolutionConfigurationPlatforms) = preSolution
		Debug|Any CPU = Debug|Any CPU
		Release|Any CPU = Release|Any CPU
	EndGlobalSection
	GlobalSection(ProjectConfigurationPlatforms) = postSolution
		{457434FA-A8E4-4C9C-B736-02BA1076FC09}.Debug|Any CPU.ActiveCfg = Debug|Any CPU
		{457434FA-A8E4-4C9C-B736-02BA1076FC09}.Debug|Any CPU.Build.0 = Debug|Any CPU
		{457434FA-A8E4-4C9C-B736-02BA1076FC09}.Release|Any CPU.ActiveCfg = Release|Any CPU
		{457434FA-A8E4-4C9C-B736-02BA1076FC09}.Release|Any CPU.Build.0 = Release|Any CPU
	EndGlobalSection
	GlobalSection(SolutionProperties) = preSolution
		HideSolutionNode = FALSE
	EndGlobalSection
	GlobalSection(ExtensibilityGlobals) = postSolution
		SolutionGuid = {65E5BE2F-3D79-4E7A-B86A-77FD378E437C}
	EndGlobalSection
EndGlobal
