
Microsoft Visual Studio Solution File, Format Version 12.00
# Visual Studio Version 17
VisualStudioVersion = 17.14.36811.4 d17.14
MinimumVisualStudioVersion = 10.0.40219.1
Project("{F184B08F-C81C-45F6-A57F-5ABD9991F28F}") = "QboExtraction", "QboExtraction.vbproj", "{07B067DD-9F5F-6DDC-713A-D83BB9109BF2}"
EndProject
Global
	GlobalSection(SolutionConfigurationPlatforms) = preSolution
		Debug|Any CPU = Debug|Any CPU
		Release|Any CPU = Release|Any CPU
	EndGlobalSection
	GlobalSection(ProjectConfigurationPlatforms) = postSolution
		{07B067DD-9F5F-6DDC-713A-D83BB9109BF2}.Debug|Any CPU.ActiveCfg = Debug|Any CPU
		{07B067DD-9F5F-6DDC-713A-D83BB9109BF2}.Debug|Any CPU.Build.0 = Debug|Any CPU
		{07B067DD-9F5F-6DDC-713A-D83BB9109BF2}.Release|Any CPU.ActiveCfg = Release|Any CPU
		{07B067DD-9F5F-6DDC-713A-D83BB9109BF2}.Release|Any CPU.Build.0 = Release|Any CPU
	EndGlobalSection
	GlobalSection(SolutionProperties) = preSolution
		HideSolutionNode = FALSE
	EndGlobalSection
	GlobalSection(ExtensibilityGlobals) = postSolution
		SolutionGuid = {20CB9EE8-90B1-458C-87BD-4E74A5DC9C9F}
	EndGlobalSection
EndGlobal
